
Microsoft Visual Studio Solution File, Format Version 12.00
# Visual Studio Version 16
VisualStudioVersion = 16.0.33927.289
MinimumVisualStudioVersion = 10.0.40219.1
Project("{FAE04EC0-301F-11D3-BF4B-00C04F79EFBC}") = "Singleton", "Singleton\Singleton.csproj", "{A3746F3A-362E-4BEC-8074-6A84E00CACC7}"
EndProject
Project("{FAE04EC0-301F-11D3-BF4B-00C04F79EFBC}") = "FactoryMethod", "FactoryMethod\FactoryMethod.csproj", "{8E8A44FE-985B-4D8F-88BE-2002828C7783}"
EndProject
Project("{FAE04EC0-301F-11D3-BF4B-00C04F79EFBC}") = "AbstractFactory", "AbstractFactory\AbstractFactory.csproj", "{9EEC078B-A734-4437-802C-078E871B6767}"
EndProject
Project("{FAE04EC0-301F-11D3-BF4B-00C04F79EFBC}") = "Prototype", "Prototype\Prototype.csproj", "{172A4858-021B-4DE7-B943-F485330B81AA}"
EndProject
Global
	GlobalSection(SolutionConfigurationPlatforms) = preSolution
		Debug|Any CPU = Debug|Any CPU
		Release|Any CPU = Release|Any CPU
	EndGlobalSection
	GlobalSection(ProjectConfigurationPlatforms) = postSolution
		{A3746F3A-362E-4BEC-8074-6A84E00CACC7}.Debug|Any CPU.ActiveCfg = Debug|Any CPU
		{A3746F3A-362E-4BEC-8074-6A84E00CACC7}.Debug|Any CPU.Build.0 = Debug|Any CPU
		{A3746F3A-362E-4BEC-8074-6A84E00CACC7}.Release|Any CPU.ActiveCfg = Release|Any CPU
		{A3746F3A-362E-4BEC-8074-6A84E00CACC7}.Release|Any CPU.Build.0 = Release|Any CPU
		{8E8A44FE-985B-4D8F-88BE-2002828C7783}.Debug|Any CPU.ActiveCfg = Debug|Any CPU
		{8E8A44FE-985B-4D8F-88BE-2002828C7783}.Debug|Any CPU.Build.0 = Debug|Any CPU
		{8E8A44FE-985B-4D8F-88BE-2002828C7783}.Release|Any CPU.ActiveCfg = Release|Any CPU
		{8E8A44FE-985B-4D8F-88BE-2002828C7783}.Release|Any CPU.Build.0 = Release|Any CPU
		{9EEC078B-A734-4437-802C-078E871B6767}.Debug|Any CPU.ActiveCfg = Debug|Any CPU
		{9EEC078B-A734-4437-802C-078E871B6767}.Debug|Any CPU.Build.0 = Debug|Any CPU
		{9EEC078B-A734-4437-802C-078E871B6767}.Release|Any CPU.ActiveCfg = Release|Any CPU
		{9EEC078B-A734-4437-802C-078E871B6767}.Release|Any CPU.Build.0 = Release|Any CPU
		{172A4858-021B-4DE7-B943-F485330B81AA}.Debug|Any CPU.ActiveCfg = Debug|Any CPU
		{172A4858-021B-4DE7-B943-F485330B81AA}.Debug|Any CPU.Build.0 = Debug|Any CPU
		{172A4858-021B-4DE7-B943-F485330B81AA}.Release|Any CPU.ActiveCfg = Release|Any CPU
		{172A4858-021B-4DE7-B943-F485330B81AA}.Release|Any CPU.Build.0 = Release|Any CPU
	EndGlobalSection
	GlobalSection(SolutionProperties) = preSolution
		HideSolutionNode = FALSE
	EndGlobalSection
	GlobalSection(ExtensibilityGlobals) = postSolution
		SolutionGuid = {A8383690-7989-41E2-AE01-C3636811AC38}
	EndGlobalSection
EndGlobal
